// !$*UTF8*$!
{
	archiveVersion = 1;
	classes = {
	};
	objectVersion = 46;
	objects = {

/* Begin PBXBuildFile section */
		6D0262EC1EB8F6FF008A5400 /* AppDelegate.swift in Sources */ = {isa = PBXBuildFile; fileRef = 6D0262EB1EB8F6FF008A5400 /* AppDelegate.swift */; };
		6D0262EE1EB8F6FF008A5400 /* ViewController.swift in Sources */ = {isa = PBXBuildFile; fileRef = 6D0262ED1EB8F6FF008A5400 /* ViewController.swift */; };
		6D0262F11EB8F6FF008A5400 /* Main.storyboard in Resources */ = {isa = PBXBuildFile; fileRef = 6D0262EF1EB8F6FF008A5400 /* Main.storyboard */; };
		6D0262F31EB8F6FF008A5400 /* Assets.xcassets in Resources */ = {isa = PBXBuildFile; fileRef = 6D0262F21EB8F6FF008A5400 /* Assets.xcassets */; };
		6D0262F61EB8F6FF008A5400 /* LaunchScreen.storyboard in Resources */ = {isa = PBXBuildFile; fileRef = 6D0262F41EB8F6FF008A5400 /* LaunchScreen.storyboard */; };
		6D5E3C391ED6AB420047A4D7 /* HexagonalView.swift in Sources */ = {isa = PBXBuildFile; fileRef = 6D5E3C371ED6AB420047A4D7 /* HexagonalView.swift */; };
		6D5E3C3A1ED6AB420047A4D7 /* QCMethod.swift in Sources */ = {isa = PBXBuildFile; fileRef = 6D5E3C381ED6AB420047A4D7 /* QCMethod.swift */; };
/* End PBXBuildFile section */

/* Begin PBXFileReference section */
		6D0262E81EB8F6FF008A5400 /* HexagonalView.app */ = {isa = PBXFileReference; explicitFileType = wrapper.application; includeInIndex = 0; path = HexagonalView.app; sourceTree = BUILT_PRODUCTS_DIR; };
		6D0262EB1EB8F6FF008A5400 /* AppDelegate.swift */ = {isa = PBXFileReference; lastKnownFileType = sourcecode.swift; path = AppDelegate.swift; sourceTree = "<group>"; };
		6D0262ED1EB8F6FF008A5400 /* ViewController.swift */ = {isa = PBXFileReference; lastKnownFileType = sourcecode.swift; path = ViewController.swift; sourceTree = "<group>"; };
		6D0262F01EB8F6FF008A5400 /* Base */ = {isa = PBXFileReference; lastKnownFileType = file.storyboard; name = Base; path = Base.lproj/Main.storyboard; sourceTree = "<group>"; };
		6D0262F21EB8F6FF008A5400 /* Assets.xcassets */ = {isa = PBXFileReference; lastKnownFileType = folder.assetcatalog; path = Assets.xcassets; sourceTree = "<group>"; };
		6D0262F51EB8F6FF008A5400 /* Base */ = {isa = PBXFileReference; lastKnownFileType = file.storyboard; name = Base; path = Base.lproj/LaunchScreen.storyboard; sourceTree = "<group>"; };
		6D0262F71EB8F6FF008A5400 /* Info.plist */ = {isa = PBXFileReference; lastKnownFileType = text.plist.xml; path = Info.plist; sourceTree = "<group>"; };
		6D5E3C371ED6AB420047A4D7 /* HexagonalView.swift */ = {isa = PBXFileReference; fileEncoding = 4; lastKnownFileType = sourcecode.swift; path = HexagonalView.swift; sourceTree = "<group>"; };
		6D5E3C381ED6AB420047A4D7 /* QCMethod.swift */ = {isa = PBXFileReference; fileEncoding = 4; lastKnownFileType = sourcecode.swift; path = QCMethod.swift; sourceTree = "<group>"; };
/* End PBXFileReference section */

/* Begin PBXFrameworksBuildPhase section */
		6D0262E51EB8F6FF008A5400 /* Frameworks */ = {
			isa = PBXFrameworksBuildPhase;
			buildActionMask = 2147483647;
			files = (
			);
			runOnlyForDeploymentPostprocessing = 0;
		};
/* End PBXFrameworksBuildPhase section */

/* Begin PBXGroup section */
		6D0262DF1EB8F6FF008A5400 = {
			isa = PBXGroup;
			children = (
				6D0262EA1EB8F6FF008A5400 /* HexagonalView */,
				6D0262E91EB8F6FF008A5400 /* Products */,
			);
			sourceTree = "<group>";
		};
		6D0262E91EB8F6FF008A5400 /* Products */ = {
			isa = PBXGroup;
			children = (
				6D0262E81EB8F6FF008A5400 /* HexagonalView.app */,
			);
			name = Products;
			sourceTree = "<group>";
		};
		6D0262EA1EB8F6FF008A5400 /* HexagonalView */ = {
			isa = PBXGroup;
			children = (
				6D0262EB1EB8F6FF008A5400 /* AppDelegate.swift */,
				6D5E3C361ED6AB420047A4D7 /* HexagonalView */,
				6D0262ED1EB8F6FF008A5400 /* ViewController.swift */,
				6D0262EF1EB8F6FF008A5400 /* Main.storyboard */,
				6D0262F21EB8F6FF008A5400 /* Assets.xcassets */,
				6D0262F41EB8F6FF008A5400 /* LaunchScreen.storyboard */,
				6D0262F71EB8F6FF008A5400 /* Info.plist */,
			);
			path = HexagonalView;
			sourceTree = "<group>";
		};
		6D5E3C361ED6AB420047A4D7 /* HexagonalView */ = {
			isa = PBXGroup;
			children = (
				6D5E3C371ED6AB420047A4D7 /* HexagonalView.swift */,
				6D5E3C381ED6AB420047A4D7 /* QCMethod.swift */,
			);
			path = HexagonalView;
			sourceTree = "<group>";
		};
/* End PBXGroup section */

/* Begin PBXNativeTarget section */
		6D0262E71EB8F6FF008A5400 /* HexagonalView */ = {
			isa = PBXNativeTarget;
			buildConfigurationList = 6D0262FA1EB8F6FF008A5400 /* Build configuration list for PBXNativeTarget "HexagonalView" */;
			buildPhases = (
				6D0262E41EB8F6FF008A5400 /* Sources */,
				6D0262E51EB8F6FF008A5400 /* Frameworks */,
				6D0262E61EB8F6FF008A5400 /* Resources */,
			);
			buildRules = (
			);
			dependencies = (
			);
			name = HexagonalView;
			productName = HexagonalView;
			productReference = 6D0262E81EB8F6FF008A5400 /* HexagonalView.app */;
			productType = "com.apple.product-type.application";
		};
/* End PBXNativeTarget section */

/* Begin PBXProject section */
		6D0262E01EB8F6FF008A5400 /* Project object */ = {
			isa = PBXProject;
			attributes = {
				LastSwiftUpdateCheck = 0830;
				LastUpgradeCheck = 0830;
				ORGANIZATIONNAME = "ST Solutions";
				TargetAttributes = {
					6D0262E71EB8F6FF008A5400 = {
						CreatedOnToolsVersion = 8.3.2;
						ProvisioningStyle = Automatic;
					};
				};
			};
			buildConfigurationList = 6D0262E31EB8F6FF008A5400 /* Build configuration list for PBXProject "HexagonalView" */;
			compatibilityVersion = "Xcode 3.2";
			developmentRegion = English;
			hasScannedForEncodings = 0;
			knownRegions = (
				en,
				Base,
			);
			mainGroup = 6D0262DF1EB8F6FF008A5400;
			productRefGroup = 6D0262E91EB8F6FF008A5400 /* Products */;
			projectDirPath = "";
			projectRoot = "";
			targets = (
				6D0262E71EB8F6FF008A5400 /* HexagonalView */,
			);
		};
/* End PBXProject section */

/* Begin PBXResourcesBuildPhase section */
		6D0262E61EB8F6FF008A5400 /* Resources */ = {
			isa = PBXResourcesBuildPhase;
			buildActionMask = 2147483647;
			files = (
				6D0262F61EB8F6FF008A5400 /* LaunchScreen.storyboard in Resources */,
				6D0262F31EB8F6FF008A5400 /* Assets.xcassets in Resources */,
				6D0262F11EB8F6FF008A5400 /* Main.storyboard in Resources */,
			);
			runOnlyForDeploymentPostprocessing = 0;
		};
/* End PBXResourcesBuildPhase section */

/* Begin PBXSourcesBuildPhase section */
		6D0262E41EB8F6FF008A5400 /* Sources */ = {
			isa = PBXSourcesBuildPhase;
			buildActionMask = 2147483647;
			files = (
				6D0262EE1EB8F6FF008A5400 /* ViewController.swift in Sources */,
				6D5E3C391ED6AB420047A4D7 /* HexagonalView.swift in Sources */,
				6D5E3C3A1ED6AB420047A4D7 /* QCMethod.swift in Sources */,
				6D0262EC1EB8F6FF008A5400 /* AppDelegate.swift in Sources */,
			);
			runOnlyForDeploymentPostprocessing = 0;
		};
/* End PBXSourcesBuildPhase section */

/* Begin PBXVariantGroup section */
		6D0262EF1EB8F6FF008A5400 /* Main.storyboard */ = {
			isa = PBXVariantGroup;
			children = (
				6D0262F01EB8F6FF008A5400 /* Base */,
			);
			name = Main.storyboard;
			sourceTree = "<group>";
		};
		6D0262F41EB8F6FF008A5400 /* LaunchScreen.storyboard */ = {
			isa = PBXVariantGroup;
			children = (
				6D0262F51EB8F6FF008A5400 /* Base */,
			);
			name = LaunchScreen.storyboard;
			sourceTree = "<group>";
		};
/* End PBXVariantGroup section */

/* Begin XCBuildConfiguration section */
		6D0262F81EB8F6FF008A5400 /* Debug */ = {
			isa = XCBuildConfiguration;
			buildSettings = {
				ALWAYS_SEARCH_USER_PATHS = NO;
				CLANG_ANALYZER_NONNULL = YES;
				CLANG_ANALYZER_NUMBER_OBJECT_CONVERSION = YES_AGGRESSIVE;
				CLANG_CXX_LANGUAGE_STANDARD = "gnu++0x";
				CLANG_CXX_LIBRARY = "libc++";
				CLANG_ENABLE_MODULES = YES;
				CLANG_ENABLE_OBJC_ARC = YES;
				CLANG_WARN_BOOL_CONVERSION = YES;
				CLANG_WARN_CONSTANT_CONVERSION = YES;
				CLANG_WARN_DIRECT_OBJC_ISA_USAGE = YES_ERROR;
				CLANG_WARN_DOCUMENTATION_COMMENTS = YES;
				CLANG_WARN_EMPTY_BODY = YES;
				CLANG_WARN_ENUM_CONVERSION = YES;
				CLANG_WARN_INFINITE_RECURSION = YES;
				CLANG_WARN_INT_CONVERSION = YES;
				CLANG_WARN_OBJC_ROOT_CLASS = YES_ERROR;
				CLANG_WARN_SUSPICIOUS_MOVE = YES;
				CLANG_WARN_UNREACHABLE_CODE = YES;
				CLANG_WARN__DUPLICATE_METHOD_MATCH = YES;
				"CODE_SIGN_IDENTITY[sdk=iphoneos*]" = "iPhone Developer";
				COPY_PHASE_STRIP = NO;
				DEBUG_INFORMATION_FORMAT = dwarf;
				ENABLE_STRICT_OBJC_MSGSEND = YES;
				ENABLE_TESTABILITY = YES;
				GCC_C_LANGUAGE_STANDARD = gnu99;
				GCC_DYNAMIC_NO_PIC = NO;
				GCC_NO_COMMON_BLOCKS = YES;
				GCC_OPTIMIZATION_LEVEL = 0;
				GCC_PREPROCESSOR_DEFINITIONS = (
					"DEBUG=1",
					"$(inherited)",
				);
				GCC_WARN_64_TO_32_BIT_CONVERSION = YES;
				GCC_WARN_ABOUT_RETURN_TYPE = YES_ERROR;
				GCC_WARN_UNDECLARED_SELECTOR = YES;
				GCC_WARN_UNINITIALIZED_AUTOS = YES_AGGRESSIVE;
				GCC_WARN_UNUSED_FUNCTION = YES;
				GCC_WARN_UNUSED_VARIABLE = YES;
				IPHONEOS_DEPLOYMENT_TARGET = 10.3;
				MTL_ENABLE_DEBUG_INFO = YES;
				ONLY_ACTIVE_ARCH = YES;
				SDKROOT = iphoneos;
				SWIFT_ACTIVE_COMPILATION_CONDITIONS = DEBUG;
				SWIFT_OPTIMIZATION_LEVEL = "-Onone";
			};
			name = Debug;
		};
		6D0262F91EB8F6FF008A5400 /* Release */ = {
			isa = XCBuildConfiguration;
			buildSettings = {
				ALWAYS_SEARCH_USER_PATHS = NO;
				CLANG_ANALYZER_NONNULL = YES;
				CLANG_ANALYZER_NUMBER_OBJECT_CONVERSION = YES_AGGRESSIVE;
				CLANG_CXX_LANGUAGE_STANDARD = "gnu++0x";
				CLANG_CXX_LIBRARY = "libc++";
				CLANG_ENABLE_MODULES = YES;
				CLANG_ENABLE_OBJC_ARC = YES;
				CLANG_WARN_BOOL_CONVERSION = YES;
				CLANG_WARN_CONSTANT_CONVERSION = YES;
				CLANG_WARN_DIRECT_OBJC_ISA_USAGE = YES_ERROR;
				CLANG_WARN_DOCUMENTATION_COMMENTS = YES;
				CLANG_WARN_EMPTY_BODY = YES;
				CLANG_WARN_ENUM_CONVERSION = YES;
				CLANG_WARN_INFINITE_RECURSION = YES;
				CLANG_WARN_INT_CONVERSION = YES;
				CLANG_WARN_OBJC_ROOT_CLASS = YES_ERROR;
				CLANG_WARN_SUSPICIOUS_MOVE = YES;
				CLANG_WARN_UNREACHABLE_CODE = YES;
				CLANG_WARN__DUPLICATE_METHOD_MATCH = YES;
				"CODE_SIGN_IDENTITY[sdk=iphoneos*]" = "iPhone Developer";
				COPY_PHASE_STRIP = NO;
				DEBUG_INFORMATION_FORMAT = "dwarf-with-dsym";
				ENABLE_NS_ASSERTIONS = NO;
				ENABLE_STRICT_OBJC_MSGSEND = YES;
				GCC_C_LANGUAGE_STANDARD = gnu99;
				GCC_NO_COMMON_BLOCKS = YES;
				GCC_WARN_64_TO_32_BIT_CONVERSION = YES;
				GCC_WARN_ABOUT_RETURN_TYPE = YES_ERROR;
				GCC_WARN_UNDECLARED_SELECTOR = YES;
				GCC_WARN_UNINITIALIZED_AUTOS = YES_AGGRESSIVE;
				GCC_WARN_UNUSED_FUNCTION = YES;
				GCC_WARN_UNUSED_VARIABLE = YES;
				IPHONEOS_DEPLOYMENT_TARGET = 10.3;
				MTL_ENABLE_DEBUG_INFO = NO;
				SDKROOT = iphoneos;
				SWIFT_OPTIMIZATION_LEVEL = "-Owholemodule";
				VALIDATE_PRODUCT = YES;
			};
			name = Release;
		};
		6D0262FB1EB8F6FF008A5400 /* Debug */ = {
			isa = XCBuildConfiguration;
			buildSettings = {
				ASSETCATALOG_COMPILER_APPICON_NAME = AppIcon;
				INFOPLIST_FILE = HexagonalView/Info.plist;
				LD_RUNPATH_SEARCH_PATHS = "$(inherited) @executable_path/Frameworks";
				PRODUCT_BUNDLE_IDENTIFIER = com.st.hexagonalView.HexagonalView;
				PRODUCT_NAME = "$(TARGET_NAME)";
				SWIFT_VERSION = 3.0;
			};
			name = Debug;
		};
		6D0262FC1EB8F6FF008A5400 /* Release */ = {
			isa = XCBuildConfiguration;
			buildSettings = {
				ASSETCATALOG_COMPILER_APPICON_NAME = AppIcon;
				INFOPLIST_FILE = HexagonalView/Info.plist;
				LD_RUNPATH_SEARCH_PATHS = "$(inherited) @executable_path/Frameworks";
				PRODUCT_BUNDLE_IDENTIFIER = com.st.hexagonalView.HexagonalView;
				PRODUCT_NAME = "$(TARGET_NAME)";
				SWIFT_VERSION = 3.0;
			};
			name = Release;
		};
/* End XCBuildConfiguration section */

/* Begin XCConfigurationList section */
		6D0262E31EB8F6FF008A5400 /* Build configuration list for PBXProject "HexagonalView" */ = {
			isa = XCConfigurationList;
			buildConfigurations = (
				6D0262F81EB8F6FF008A5400 /* Debug */,
				6D0262F91EB8F6FF008A5400 /* Release */,
			);
			defaultConfigurationIsVisible = 0;
			defaultConfigurationName = Release;
		};
		6D0262FA1EB8F6FF008A5400 /* Build configuration list for PBXNativeTarget "HexagonalView" */ = {
			isa = XCConfigurationList;
			buildConfigurations = (
				6D0262FB1EB8F6FF008A5400 /* Debug */,
				6D0262FC1EB8F6FF008A5400 /* Release */,
			);
			defaultConfigurationIsVisible = 0;
			defaultConfigurationName = Release;
		};
/* End XCConfigurationList section */
	};
	rootObject = 6D0262E01EB8F6FF008A5400 /* Project object */;
}
